
Microsoft Visual Studio Solution File, Format Version 12.00
# Visual Studio Version 16
VisualStudioVersion = 16.0.34114.132
MinimumVisualStudioVersion = 10.0.40219.1
Project("{8BC9CEB8-8B4A-11D0-8D11-00A0C91BC942}") = "LC-3", "LC-3\LC-3.vcxproj", "{FF8A89E9-D8C7-4713-B632-C3847574D881}"
EndProject
Global
	GlobalSection(SolutionConfigurationPlatforms) = preSolution
		Debug|x64 = Debug|x64
		Debug|x86 = Debug|x86
		Release|x64 = Release|x64
		Release|x86 = Release|x86
	EndGlobalSection
	GlobalSection(ProjectConfigurationPlatforms) = postSolution
		{FF8A89E9-D8C7-4713-B632-C3847574D881}.Debug|x64.ActiveCfg = Debug|x64
		{FF8A89E9-D8C7-4713-B632-C3847574D881}.Debug|x64.Build.0 = Debug|x64
		{FF8A89E9-D8C7-4713-B632-C3847574D881}.Debug|x86.ActiveCfg = Debug|Win32
		{FF8A89E9-D8C7-4713-B632-C3847574D881}.Debug|x86.Build.0 = Debug|Win32
		{FF8A89E9-D8C7-4713-B632-C3847574D881}.Release|x64.ActiveCfg = Release|x64
		{FF8A89E9-D8C7-4713-B632-C3847574D881}.Release|x64.Build.0 = Release|x64
		{FF8A89E9-D8C7-4713-B632-C3847574D881}.Release|x86.ActiveCfg = Release|Win32
		{FF8A89E9-D8C7-4713-B632-C3847574D881}.Release|x86.Build.0 = Release|Win32
	EndGlobalSection
	GlobalSection(SolutionProperties) = preSolution
		HideSolutionNode = FALSE
	EndGlobalSection
	GlobalSection(ExtensibilityGlobals) = postSolution
		SolutionGuid = {F56F725A-81A8-4F42-A885-9F451384A0FD}
	EndGlobalSection
EndGlobal
